
Microsoft Visual Studio Solution File, Format Version 12.00
# Visual Studio Version 16
VisualStudioVersion = 16.0.31321.278
MinimumVisualStudioVersion = 10.0.40219.1
Project("{8BC9CEB8-8B4A-11D0-8D11-00A0C91BC942}") = "TP_1_12", "TP_1_12\TP_1_12.vcxproj", "{145F2993-A093-4530-A038-3259F7E2F378}"
EndProject
Global
	GlobalSection(SolutionConfigurationPlatforms) = preSolution
		Debug|x64 = Debug|x64
		Debug|x86 = Debug|x86
		Release|x64 = Release|x64
		Release|x86 = Release|x86
	EndGlobalSection
	GlobalSection(ProjectConfigurationPlatforms) = postSolution
		{145F2993-A093-4530-A038-3259F7E2F378}.Debug|x64.ActiveCfg = Debug|x64
		{145F2993-A093-4530-A038-3259F7E2F378}.Debug|x64.Build.0 = Debug|x64
		{145F2993-A093-4530-A038-3259F7E2F378}.Debug|x86.ActiveCfg = Debug|Win32
		{145F2993-A093-4530-A038-3259F7E2F378}.Debug|x86.Build.0 = Debug|Win32
		{145F2993-A093-4530-A038-3259F7E2F378}.Release|x64.ActiveCfg = Release|x64
		{145F2993-A093-4530-A038-3259F7E2F378}.Release|x64.Build.0 = Release|x64
		{145F2993-A093-4530-A038-3259F7E2F378}.Release|x86.ActiveCfg = Release|Win32
		{145F2993-A093-4530-A038-3259F7E2F378}.Release|x86.Build.0 = Release|Win32
	EndGlobalSection
	GlobalSection(SolutionProperties) = preSolution
		HideSolutionNode = FALSE
	EndGlobalSection
	GlobalSection(ExtensibilityGlobals) = postSolution
		SolutionGuid = {9F5E4104-7658-4ECC-B79F-F2776E66A01A}
	EndGlobalSection
EndGlobal
